
Microsoft Visual Studio Solution File, Format Version 12.00
# Visual Studio Version 17
VisualStudioVersion = 17.0.32014.148
MinimumVisualStudioVersion = 10.0.40219.1
Project("{9A19103F-16F7-4668-BE54-9A1E7A4F7556}") = "EcommerceAPI", "EcommerceAPI\EcommerceAPI.csproj", "{A7F7A971-3182-4910-8E29-6FE54177B9A3}"
EndProject
Project("{9A19103F-16F7-4668-BE54-9A1E7A4F7556}") = "DataAccessLayer", "DAL\DataAccessLayer.csproj", "{0FB4FEDD-DBB6-4584-88C6-AA0A98104DCF}"
EndProject
Project("{9A19103F-16F7-4668-BE54-9A1E7A4F7556}") = "BusinessModels", "Models\BusinessModels.csproj", "{FF1E0EDD-FD4E-4A0C-9FC4-AD009A3F8B2A}"
EndProject
Project("{9A19103F-16F7-4668-BE54-9A1E7A4F7556}") = "BusinessLogicLayer", "BusinessLogicLayer\BusinessLogicLayer.csproj", "{92545EA5-8ACE-4B3A-8538-B641C4523BF6}"
EndProject
Project("{9A19103F-16F7-4668-BE54-9A1E7A4F7556}") = "EcommerceAPIUnitTest", "EcommerceAPITest\EcommerceAPIUnitTest.csproj", "{2BAAFBD3-4303-4560-BBA0-4B19B3C9DB9A}"
EndProject
Project("{FAE04EC0-301F-11D3-BF4B-00C04F79EFBC}") = "EcommerceAPIIntegrationTest", "EcommerceAPIIntegrationTest\EcommerceAPIIntegrationTest.csproj", "{AA52000E-C5BE-40BB-930A-3EB9F65EE413}"
EndProject
Global
	GlobalSection(SolutionConfigurationPlatforms) = preSolution
		Debug|Any CPU = Debug|Any CPU
		Release|Any CPU = Release|Any CPU
	EndGlobalSection
	GlobalSection(ProjectConfigurationPlatforms) = postSolution
		{A7F7A971-3182-4910-8E29-6FE54177B9A3}.Debug|Any CPU.ActiveCfg = Debug|Any CPU
		{A7F7A971-3182-4910-8E29-6FE54177B9A3}.Debug|Any CPU.Build.0 = Debug|Any CPU
		{A7F7A971-3182-4910-8E29-6FE54177B9A3}.Release|Any CPU.ActiveCfg = Release|Any CPU
		{A7F7A971-3182-4910-8E29-6FE54177B9A3}.Release|Any CPU.Build.0 = Release|Any CPU
		{0FB4FEDD-DBB6-4584-88C6-AA0A98104DCF}.Debug|Any CPU.ActiveCfg = Debug|Any CPU
		{0FB4FEDD-DBB6-4584-88C6-AA0A98104DCF}.Debug|Any CPU.Build.0 = Debug|Any CPU
		{0FB4FEDD-DBB6-4584-88C6-AA0A98104DCF}.Release|Any CPU.ActiveCfg = Release|Any CPU
		{0FB4FEDD-DBB6-4584-88C6-AA0A98104DCF}.Release|Any CPU.Build.0 = Release|Any CPU
		{FF1E0EDD-FD4E-4A0C-9FC4-AD009A3F8B2A}.Debug|Any CPU.ActiveCfg = Debug|Any CPU
		{FF1E0EDD-FD4E-4A0C-9FC4-AD009A3F8B2A}.Debug|Any CPU.Build.0 = Debug|Any CPU
		{FF1E0EDD-FD4E-4A0C-9FC4-AD009A3F8B2A}.Release|Any CPU.ActiveCfg = Release|Any CPU
		{FF1E0EDD-FD4E-4A0C-9FC4-AD009A3F8B2A}.Release|Any CPU.Build.0 = Release|Any CPU
		{92545EA5-8ACE-4B3A-8538-B641C4523BF6}.Debug|Any CPU.ActiveCfg = Debug|Any CPU
		{92545EA5-8ACE-4B3A-8538-B641C4523BF6}.Debug|Any CPU.Build.0 = Debug|Any CPU
		{92545EA5-8ACE-4B3A-8538-B641C4523BF6}.Release|Any CPU.ActiveCfg = Release|Any CPU
		{92545EA5-8ACE-4B3A-8538-B641C4523BF6}.Release|Any CPU.Build.0 = Release|Any CPU
		{2BAAFBD3-4303-4560-BBA0-4B19B3C9DB9A}.Debug|Any CPU.ActiveCfg = Debug|Any CPU
		{2BAAFBD3-4303-4560-BBA0-4B19B3C9DB9A}.Debug|Any CPU.Build.0 = Debug|Any CPU
		{2BAAFBD3-4303-4560-BBA0-4B19B3C9DB9A}.Release|Any CPU.ActiveCfg = Release|Any CPU
		{2BAAFBD3-4303-4560-BBA0-4B19B3C9DB9A}.Release|Any CPU.Build.0 = Release|Any CPU
		{AA52000E-C5BE-40BB-930A-3EB9F65EE413}.Debug|Any CPU.ActiveCfg = Debug|Any CPU
		{AA52000E-C5BE-40BB-930A-3EB9F65EE413}.Debug|Any CPU.Build.0 = Debug|Any CPU
		{AA52000E-C5BE-40BB-930A-3EB9F65EE413}.Release|Any CPU.ActiveCfg = Release|Any CPU
		{AA52000E-C5BE-40BB-930A-3EB9F65EE413}.Release|Any CPU.Build.0 = Release|Any CPU
	EndGlobalSection
	GlobalSection(SolutionProperties) = preSolution
		HideSolutionNode = FALSE
	EndGlobalSection
	GlobalSection(ExtensibilityGlobals) = postSolution
		SolutionGuid = {44A6D92D-6EE7-44FD-AA1D-0FC11ECBD919}
	EndGlobalSection
EndGlobal
